Microsoft Visual Studio Solution File, Format Version 12.00
# Visual Studio Version 17
VisualStudioVersion = 17.0.31903.59
MinimumVisualStudioVersion = 10.0.40219.1
Project("{FAE04EC0-301F-11D3-BF4B-00C04F79EFBC}") = "Build", "build\Build.csproj", "{05EA3CA1-0ABE-4772-978B-DCC60854A51C}"
EndProject
Project("{FAE04EC0-301F-11D3-BF4B-00C04F79EFBC}") = "MonoGame.Tool.BuildScripts", "buildscripts\MonoGame.Tool.BuildScripts.csproj", "{6CE6C044-1BE5-4380-9CFD-FB1E0CFD013B}"
EndProject
Global
	GlobalSection(SolutionConfigurationPlatforms) = preSolution
		Debug|Any CPU = Debug|Any CPU
		Release|Any CPU = Release|Any CPU
	EndGlobalSection
	GlobalSection(SolutionProperties) = preSolution
		HideSolutionNode = FALSE
	EndGlobalSection
	GlobalSection(ProjectConfigurationPlatforms) = postSolution
		{05EA3CA1-0ABE-4772-978B-DCC60854A51C}.Debug|Any CPU.ActiveCfg = Debug|Any CPU
		{05EA3CA1-0ABE-4772-978B-DCC60854A51C}.Debug|Any CPU.Build.0 = Debug|Any CPU
		{05EA3CA1-0ABE-4772-978B-DCC60854A51C}.Release|Any CPU.ActiveCfg = Release|Any CPU
		{05EA3CA1-0ABE-4772-978B-DCC60854A51C}.Release|Any CPU.Build.0 = Release|Any CPU
		{6CE6C044-1BE5-4380-9CFD-FB1E0CFD013B}.Debug|Any CPU.ActiveCfg = Debug|Any CPU
		{6CE6C044-1BE5-4380-9CFD-FB1E0CFD013B}.Debug|Any CPU.Build.0 = Debug|Any CPU
		{6CE6C044-1BE5-4380-9CFD-FB1E0CFD013B}.Release|Any CPU.ActiveCfg = Release|Any CPU
		{6CE6C044-1BE5-4380-9CFD-FB1E0CFD013B}.Release|Any CPU.Build.0 = Release|Any CPU
	EndGlobalSection
EndGlobal